
Microsoft Visual Studio Solution File, Format Version 12.00
# Visual Studio Version 17
VisualStudioVersion = 17.3.32825.248
MinimumVisualStudioVersion = 10.0.40219.1
Project("{FAE04EC0-301F-11D3-BF4B-00C04F79EFBC}") = "RankingLibrary", "RankingLibrary.csproj", "{66D66706-2CC1-4E90-9B8C-DCCFEFCCBD2A}"
EndProject
Project("{FAE04EC0-301F-11D3-BF4B-00C04F79EFBC}") = "ConsoleTest", "..\ConsoleTest\ConsoleTest.csproj", "{94CC72A7-D4FB-466A-AD9E-D64CDB633EA7}"
EndProject
Global
	GlobalSection(SolutionConfigurationPlatforms) = preSolution
		Debug|Any CPU = Debug|Any CPU
		Release|Any CPU = Release|Any CPU
	EndGlobalSection
	GlobalSection(ProjectConfigurationPlatforms) = postSolution
		{66D66706-2CC1-4E90-9B8C-DCCFEFCCBD2A}.Debug|Any CPU.ActiveCfg = Debug|Any CPU
		{66D66706-2CC1-4E90-9B8C-DCCFEFCCBD2A}.Debug|Any CPU.Build.0 = Debug|Any CPU
		{66D66706-2CC1-4E90-9B8C-DCCFEFCCBD2A}.Release|Any CPU.ActiveCfg = Release|Any CPU
		{66D66706-2CC1-4E90-9B8C-DCCFEFCCBD2A}.Release|Any CPU.Build.0 = Release|Any CPU
		{94CC72A7-D4FB-466A-AD9E-D64CDB633EA7}.Debug|Any CPU.ActiveCfg = Debug|Any CPU
		{94CC72A7-D4FB-466A-AD9E-D64CDB633EA7}.Debug|Any CPU.Build.0 = Debug|Any CPU
		{94CC72A7-D4FB-466A-AD9E-D64CDB633EA7}.Release|Any CPU.ActiveCfg = Release|Any CPU
		{94CC72A7-D4FB-466A-AD9E-D64CDB633EA7}.Release|Any CPU.Build.0 = Release|Any CPU
	EndGlobalSection
	GlobalSection(SolutionProperties) = preSolution
		HideSolutionNode = FALSE
	EndGlobalSection
	GlobalSection(ExtensibilityGlobals) = postSolution
		SolutionGuid = {22EE5B40-33D8-4DC8-A98E-041B85911B4B}
	EndGlobalSection
EndGlobal
